
Microsoft Visual Studio Solution File, Format Version 12.00
# Visual Studio 15
VisualStudioVersion = 15.0.28010.2050
MinimumVisualStudioVersion = 10.0.40219.1
Project("{FAE04EC0-301F-11D3-BF4B-00C04F79EFBC}") = "MyDataService", "MyDataService\MyDataService.csproj", "{0975716D-3AA4-47DF-989C-85646AB2C3C8}"
EndProject
Global
	GlobalSection(SolutionConfigurationPlatforms) = preSolution
		Debug|Any CPU = Debug|Any CPU
		Release|Any CPU = Release|Any CPU
	EndGlobalSection
	GlobalSection(ProjectConfigurationPlatforms) = postSolution
		{0975716D-3AA4-47DF-989C-85646AB2C3C8}.Debug|Any CPU.ActiveCfg = Debug|Any CPU
		{0975716D-3AA4-47DF-989C-85646AB2C3C8}.Debug|Any CPU.Build.0 = Debug|Any CPU
		{0975716D-3AA4-47DF-989C-85646AB2C3C8}.Release|Any CPU.ActiveCfg = Release|Any CPU
		{0975716D-3AA4-47DF-989C-85646AB2C3C8}.Release|Any CPU.Build.0 = Release|Any CPU
	EndGlobalSection
	GlobalSection(SolutionProperties) = preSolution
		HideSolutionNode = FALSE
	EndGlobalSection
	GlobalSection(ExtensibilityGlobals) = postSolution
		SolutionGuid = {7437EC09-D563-4DF6-AB2D-182469D86522}
	EndGlobalSection
EndGlobal
